
Microsoft Visual Studio Solution File, Format Version 12.00
# Visual Studio Version 17
VisualStudioVersion = 17.4.33205.214
MinimumVisualStudioVersion = 10.0.40219.1
Project("{9A19103F-16F7-4668-BE54-9A1E7A4F7556}") = "1. Input-Output", "Input-Output\1. Input-Output.csproj", "{430120B2-E786-4281-9B2F-F1ACDCFBA6BB}"
EndProject
Project("{9A19103F-16F7-4668-BE54-9A1E7A4F7556}") = "2. Calculation", "Calculation\2. Calculation.csproj", "{D5B0A481-70B9-42D5-9540-B4622D43CB39}"
EndProject
Project("{FAE04EC0-301F-11D3-BF4B-00C04F79EFBC}") = "3. Операции деления", "3. Операции деления\3. Операции деления.csproj", "{90F08187-59BF-43B7-A288-74317647D81E}"
EndProject
Global
	GlobalSection(SolutionConfigurationPlatforms) = preSolution
		Debug|Any CPU = Debug|Any CPU
		Release|Any CPU = Release|Any CPU
	EndGlobalSection
	GlobalSection(ProjectConfigurationPlatforms) = postSolution
		{430120B2-E786-4281-9B2F-F1ACDCFBA6BB}.Debug|Any CPU.ActiveCfg = Debug|Any CPU
		{430120B2-E786-4281-9B2F-F1ACDCFBA6BB}.Debug|Any CPU.Build.0 = Debug|Any CPU
		{430120B2-E786-4281-9B2F-F1ACDCFBA6BB}.Release|Any CPU.ActiveCfg = Release|Any CPU
		{430120B2-E786-4281-9B2F-F1ACDCFBA6BB}.Release|Any CPU.Build.0 = Release|Any CPU
		{D5B0A481-70B9-42D5-9540-B4622D43CB39}.Debug|Any CPU.ActiveCfg = Debug|Any CPU
		{D5B0A481-70B9-42D5-9540-B4622D43CB39}.Debug|Any CPU.Build.0 = Debug|Any CPU
		{D5B0A481-70B9-42D5-9540-B4622D43CB39}.Release|Any CPU.ActiveCfg = Release|Any CPU
		{D5B0A481-70B9-42D5-9540-B4622D43CB39}.Release|Any CPU.Build.0 = Release|Any CPU
		{90F08187-59BF-43B7-A288-74317647D81E}.Debug|Any CPU.ActiveCfg = Debug|Any CPU
		{90F08187-59BF-43B7-A288-74317647D81E}.Debug|Any CPU.Build.0 = Debug|Any CPU
		{90F08187-59BF-43B7-A288-74317647D81E}.Release|Any CPU.ActiveCfg = Release|Any CPU
		{90F08187-59BF-43B7-A288-74317647D81E}.Release|Any CPU.Build.0 = Release|Any CPU
	EndGlobalSection
	GlobalSection(SolutionProperties) = preSolution
		HideSolutionNode = FALSE
	EndGlobalSection
	GlobalSection(ExtensibilityGlobals) = postSolution
		SolutionGuid = {D7A0419D-BE2B-4CA9-9BDB-83C806D7551E}
	EndGlobalSection
EndGlobal
